
Microsoft Visual Studio Solution File, Format Version 12.00
# Visual Studio Version 16
VisualStudioVersion = 16.0.30621.155
MinimumVisualStudioVersion = 10.0.40219.1
Project("{FAE04EC0-301F-11D3-BF4B-00C04F79EFBC}") = "Database", "Database\Database.csproj", "{456284CB-C542-4D34-B6C3-BE5834B3DE9B}"
EndProject
Global
	GlobalSection(SolutionConfigurationPlatforms) = preSolution
		Debug|Any CPU = Debug|Any CPU
		Release|Any CPU = Release|Any CPU
	EndGlobalSection
	GlobalSection(ProjectConfigurationPlatforms) = postSolution
		{456284CB-C542-4D34-B6C3-BE5834B3DE9B}.Debug|Any CPU.ActiveCfg = Debug|Any CPU
		{456284CB-C542-4D34-B6C3-BE5834B3DE9B}.Debug|Any CPU.Build.0 = Debug|Any CPU
		{456284CB-C542-4D34-B6C3-BE5834B3DE9B}.Release|Any CPU.ActiveCfg = Release|Any CPU
		{456284CB-C542-4D34-B6C3-BE5834B3DE9B}.Release|Any CPU.Build.0 = Release|Any CPU
	EndGlobalSection
	GlobalSection(SolutionProperties) = preSolution
		HideSolutionNode = FALSE
	EndGlobalSection
	GlobalSection(ExtensibilityGlobals) = postSolution
		SolutionGuid = {6E2A38E4-BE08-4B3E-8604-97B1C84315B3}
	EndGlobalSection
EndGlobal
